
Microsoft Visual Studio Solution File, Format Version 12.00
# Visual Studio Version 17
VisualStudioVersion = 17.5.33516.290
MinimumVisualStudioVersion = 10.0.40219.1
Project("{8BC9CEB8-8B4A-11D0-8D11-00A0C91BC942}") = "Banshee", "Banshee\Banshee.vcxproj", "{DBADBD86-1CF6-4B5D-9C63-EA17102F7D26}"
EndProject
Project("{8BC9CEB8-8B4A-11D0-8D11-00A0C91BC942}") = "BansheeClient", "BansheeClient\BansheeClient.vcxproj", "{8F2EACB8-BB52-4244-AB42-2E9D2BE51F7B}"
EndProject
Project("{2150E333-8FDC-42A3-9474-1A3956D46DE8}") = "LoadDriverBOF", "LoadDriverBOF", "{08F773D8-5049-43C3-9A99-0465A8608F98}"
	ProjectSection(SolutionItems) = preProject
		LoadDriverBOF\beacon.h = LoadDriverBOF\beacon.h
		LoadDriverBOF\bofcompile.bat = LoadDriverBOF\bofcompile.bat
		LoadDriverBOF\LICENSE = LoadDriverBOF\LICENSE
		LoadDriverBOF\loaddriver.c = LoadDriverBOF\loaddriver.c
		LoadDriverBOF\loaddriver.cna = LoadDriverBOF\loaddriver.cna
		LoadDriverBOF\loaddriver.h = LoadDriverBOF\loaddriver.h
	EndProjectSection
EndProject
Project("{2150E333-8FDC-42A3-9474-1A3956D46DE8}") = "HavocPlugin", "HavocPlugin", "{43D6A65F-AD6C-4478-8BAD-4571088CF6FA}"
	ProjectSection(SolutionItems) = preProject
		HavocPlugin\banshee.py = HavocPlugin\banshee.py
	EndProjectSection
EndProject
Global
	GlobalSection(SolutionConfigurationPlatforms) = preSolution
		Debug|ARM64 = Debug|ARM64
		Debug|x64 = Debug|x64
		Debug|x86 = Debug|x86
		Release|ARM64 = Release|ARM64
		Release|x64 = Release|x64
		Release|x86 = Release|x86
		UnitTest|ARM64 = UnitTest|ARM64
		UnitTest|x64 = UnitTest|x64
		UnitTest|x86 = UnitTest|x86
	EndGlobalSection
	GlobalSection(ProjectConfigurationPlatforms) = postSolution
		{DBADBD86-1CF6-4B5D-9C63-EA17102F7D26}.Debug|ARM64.ActiveCfg = Debug|ARM64
		{DBADBD86-1CF6-4B5D-9C63-EA17102F7D26}.Debug|ARM64.Build.0 = Debug|ARM64
		{DBADBD86-1CF6-4B5D-9C63-EA17102F7D26}.Debug|ARM64.Deploy.0 = Debug|ARM64
		{DBADBD86-1CF6-4B5D-9C63-EA17102F7D26}.Debug|x64.ActiveCfg = Debug|x64
		{DBADBD86-1CF6-4B5D-9C63-EA17102F7D26}.Debug|x64.Build.0 = Debug|x64
		{DBADBD86-1CF6-4B5D-9C63-EA17102F7D26}.Debug|x64.Deploy.0 = Debug|x64
		{DBADBD86-1CF6-4B5D-9C63-EA17102F7D26}.Debug|x86.ActiveCfg = Debug|x64
		{DBADBD86-1CF6-4B5D-9C63-EA17102F7D26}.Debug|x86.Build.0 = Debug|x64
		{DBADBD86-1CF6-4B5D-9C63-EA17102F7D26}.Debug|x86.Deploy.0 = Debug|x64
		{DBADBD86-1CF6-4B5D-9C63-EA17102F7D26}.Release|ARM64.ActiveCfg = Release|ARM64
		{DBADBD86-1CF6-4B5D-9C63-EA17102F7D26}.Release|ARM64.Build.0 = Release|ARM64
		{DBADBD86-1CF6-4B5D-9C63-EA17102F7D26}.Release|ARM64.Deploy.0 = Release|ARM64
		{DBADBD86-1CF6-4B5D-9C63-EA17102F7D26}.Release|x64.ActiveCfg = Release|x64
		{DBADBD86-1CF6-4B5D-9C63-EA17102F7D26}.Release|x64.Build.0 = Release|x64
		{DBADBD86-1CF6-4B5D-9C63-EA17102F7D26}.Release|x64.Deploy.0 = Release|x64
		{DBADBD86-1CF6-4B5D-9C63-EA17102F7D26}.Release|x86.ActiveCfg = Release|x64
		{DBADBD86-1CF6-4B5D-9C63-EA17102F7D26}.Release|x86.Build.0 = Release|x64
		{DBADBD86-1CF6-4B5D-9C63-EA17102F7D26}.Release|x86.Deploy.0 = Release|x64
		{DBADBD86-1CF6-4B5D-9C63-EA17102F7D26}.UnitTest|ARM64.ActiveCfg = Release|ARM64
		{DBADBD86-1CF6-4B5D-9C63-EA17102F7D26}.UnitTest|ARM64.Build.0 = Release|ARM64
		{DBADBD86-1CF6-4B5D-9C63-EA17102F7D26}.UnitTest|ARM64.Deploy.0 = Release|ARM64
		{DBADBD86-1CF6-4B5D-9C63-EA17102F7D26}.UnitTest|x64.ActiveCfg = Release|x64
		{DBADBD86-1CF6-4B5D-9C63-EA17102F7D26}.UnitTest|x64.Build.0 = Release|x64
		{DBADBD86-1CF6-4B5D-9C63-EA17102F7D26}.UnitTest|x64.Deploy.0 = Release|x64
		{DBADBD86-1CF6-4B5D-9C63-EA17102F7D26}.UnitTest|x86.ActiveCfg = Release|x64
		{DBADBD86-1CF6-4B5D-9C63-EA17102F7D26}.UnitTest|x86.Build.0 = Release|x64
		{DBADBD86-1CF6-4B5D-9C63-EA17102F7D26}.UnitTest|x86.Deploy.0 = Release|x64
		{8F2EACB8-BB52-4244-AB42-2E9D2BE51F7B}.Debug|ARM64.ActiveCfg = Debug|x64
		{8F2EACB8-BB52-4244-AB42-2E9D2BE51F7B}.Debug|ARM64.Build.0 = Debug|x64
		{8F2EACB8-BB52-4244-AB42-2E9D2BE51F7B}.Debug|x64.ActiveCfg = Debug|x64
		{8F2EACB8-BB52-4244-AB42-2E9D2BE51F7B}.Debug|x64.Build.0 = Debug|x64
		{8F2EACB8-BB52-4244-AB42-2E9D2BE51F7B}.Debug|x86.ActiveCfg = Debug|Win32
		{8F2EACB8-BB52-4244-AB42-2E9D2BE51F7B}.Debug|x86.Build.0 = Debug|Win32
		{8F2EACB8-BB52-4244-AB42-2E9D2BE51F7B}.Release|ARM64.ActiveCfg = Release|x64
		{8F2EACB8-BB52-4244-AB42-2E9D2BE51F7B}.Release|ARM64.Build.0 = Release|x64
		{8F2EACB8-BB52-4244-AB42-2E9D2BE51F7B}.Release|x64.ActiveCfg = Release|x64
		{8F2EACB8-BB52-4244-AB42-2E9D2BE51F7B}.Release|x64.Build.0 = Release|x64
		{8F2EACB8-BB52-4244-AB42-2E9D2BE51F7B}.Release|x86.ActiveCfg = Release|Win32
		{8F2EACB8-BB52-4244-AB42-2E9D2BE51F7B}.Release|x86.Build.0 = Release|Win32
		{8F2EACB8-BB52-4244-AB42-2E9D2BE51F7B}.UnitTest|ARM64.ActiveCfg = Release|x64
		{8F2EACB8-BB52-4244-AB42-2E9D2BE51F7B}.UnitTest|ARM64.Build.0 = Release|x64
		{8F2EACB8-BB52-4244-AB42-2E9D2BE51F7B}.UnitTest|x64.ActiveCfg = Release|x64
		{8F2EACB8-BB52-4244-AB42-2E9D2BE51F7B}.UnitTest|x64.Build.0 = Release|x64
		{8F2EACB8-BB52-4244-AB42-2E9D2BE51F7B}.UnitTest|x86.ActiveCfg = Release|Win32
		{8F2EACB8-BB52-4244-AB42-2E9D2BE51F7B}.UnitTest|x86.Build.0 = Release|Win32
	EndGlobalSection
	GlobalSection(SolutionProperties) = preSolution
		HideSolutionNode = FALSE
	EndGlobalSection
EndGlobal
